{
  "name": "npm-workspaces-nx-lerna-experiment",
  "version": "1.0.0",
  "lockfileVersion": 2,
  "requires": true,
  "packages": {
    "": {
      "name": "npm-workspaces-nx-lerna-experiment",
      "version": "1.0.0",
      "license": "ISC",
      "workspaces": [
        "./packages/*"
      ]
    },
    "node_modules/is-even": {
      "resolved": "packages/is-even",
      "link": true
    },
    "node_modules/is-odd": {
      "resolved": "packages/is-odd",
      "link": true
    },
    "node_modules/lodash": {
      "version": "4.17.21",
      "resolved": "https://registry.npmjs.org/lodash/-/lodash-4.17.21.tgz",
      "integrity": "sha512-v2kDEe57lecTulaDIuNTPy3Ry4gLGJ6Z1O3vE1krgXZNrsQ+LFTGHVxVjcXPs17LhbZVGedAJv8XZ1tvj5FvSg=="
    },
    "packages/is-even": {
      "version": "1.0.0",
      "license": "ISC",
      "dependencies": {
        "lodash": "^4.17.21"
      }
    },
    "packages/is-odd": {
      "version": "1.0.0",
      "license": "ISC",
      "dependencies": {
        "is-even": "^1.0.0"
      }
    }
  },
  "dependencies": {
    "is-even": {
      "version": "file:packages/is-even",
      "requires": {
        "lodash": "^4.17.21"
      }
    },
    "is-odd": {
      "version": "file:packages/is-odd",
      "requires": {
        "is-even": "^1.0.0"
      }
    },
    "lodash": {
      "version": "4.17.21",
      "resolved": "https://registry.npmjs.org/lodash/-/lodash-4.17.21.tgz",
      "integrity": "sha512-v2kDEe57lecTulaDIuNTPy3Ry4gLGJ6Z1O3vE1krgXZNrsQ+LFTGHVxVjcXPs17LhbZVGedAJv8XZ1tvj5FvSg=="
    }
  }
}
